// !$*UTF8*$!
{
	archiveVersion = 1;
	classes = {
	};
	objectVersion = 50;
	objects = {

/* Begin PBXBuildFile section */
		80C79D35209B817500D55E46 /* AppDelegate.swift in Sources */ = {isa = PBXBuildFile; fileRef = 80C79D34209B817500D55E46 /* AppDelegate.swift */; };
		80C79D37209B817500D55E46 /* ViewController.swift in Sources */ = {isa = PBXBuildFile; fileRef = 80C79D36209B817500D55E46 /* ViewController.swift */; };
		80C79D3A209B817500D55E46 /* Main.storyboard in Resources */ = {isa = PBXBuildFile; fileRef = 80C79D38209B817500D55E46 /* Main.storyboard */; };
		80C79D3C209B817700D55E46 /* Assets.xcassets in Resources */ = {isa = PBXBuildFile; fileRef = 80C79D3B209B817700D55E46 /* Assets.xcassets */; };
		80C79D3F209B817700D55E46 /* LaunchScreen.storyboard in Resources */ = {isa = PBXBuildFile; fileRef = 80C79D3D209B817700D55E46 /* LaunchScreen.storyboard */; };
		80C79D4A209B82A400D55E46 /* MainController.swift in Sources */ = {isa = PBXBuildFile; fileRef = 80C79D49209B82A400D55E46 /* MainController.swift */; };
		80C79D4C209B82B600D55E46 /* Repo.swift in Sources */ = {isa = PBXBuildFile; fileRef = 80C79D4B209B82B600D55E46 /* Repo.swift */; };
		80C79D50209C6CBA00D55E46 /* DetallesViewController.swift in Sources */ = {isa = PBXBuildFile; fileRef = 80C79D4F209C6CBA00D55E46 /* DetallesViewController.swift */; };
		80C79D52209C754700D55E46 /* TablaViewController.swift in Sources */ = {isa = PBXBuildFile; fileRef = 80C79D51209C754700D55E46 /* TablaViewController.swift */; };
		80C79D54209C756A00D55E46 /* CellViewController.swift in Sources */ = {isa = PBXBuildFile; fileRef = 80C79D53209C756A00D55E46 /* CellViewController.swift */; };
		80C79D5620A2117800D55E46 /* ViewUI.swift in Sources */ = {isa = PBXBuildFile; fileRef = 80C79D5520A2117800D55E46 /* ViewUI.swift */; };
/* End PBXBuildFile section */

/* Begin PBXFileReference section */
		80C79D31209B817500D55E46 /* consultaRepos.app */ = {isa = PBXFileReference; explicitFileType = wrapper.application; includeInIndex = 0; path = consultaRepos.app; sourceTree = BUILT_PRODUCTS_DIR; };
		80C79D34209B817500D55E46 /* AppDelegate.swift */ = {isa = PBXFileReference; lastKnownFileType = sourcecode.swift; path = AppDelegate.swift; sourceTree = "<group>"; };
		80C79D36209B817500D55E46 /* ViewController.swift */ = {isa = PBXFileReference; lastKnownFileType = sourcecode.swift; path = ViewController.swift; sourceTree = "<group>"; };
		80C79D39209B817500D55E46 /* Base */ = {isa = PBXFileReference; lastKnownFileType = file.storyboard; name = Base; path = Base.lproj/Main.storyboard; sourceTree = "<group>"; };
		80C79D3B209B817700D55E46 /* Assets.xcassets */ = {isa = PBXFileReference; lastKnownFileType = folder.assetcatalog; path = Assets.xcassets; sourceTree = "<group>"; };
		80C79D3E209B817700D55E46 /* Base */ = {isa = PBXFileReference; lastKnownFileType = file.storyboard; name = Base; path = Base.lproj/LaunchScreen.storyboard; sourceTree = "<group>"; };
		80C79D40209B817700D55E46 /* Info.plist */ = {isa = PBXFileReference; lastKnownFileType = text.plist.xml; path = Info.plist; sourceTree = "<group>"; };
		80C79D49209B82A400D55E46 /* MainController.swift */ = {isa = PBXFileReference; lastKnownFileType = sourcecode.swift; path = MainController.swift; sourceTree = "<group>"; };
		80C79D4B209B82B600D55E46 /* Repo.swift */ = {isa = PBXFileReference; lastKnownFileType = sourcecode.swift; path = Repo.swift; sourceTree = "<group>"; };
		80C79D4F209C6CBA00D55E46 /* DetallesViewController.swift */ = {isa = PBXFileReference; lastKnownFileType = sourcecode.swift; path = DetallesViewController.swift; sourceTree = "<group>"; };
		80C79D51209C754700D55E46 /* TablaViewController.swift */ = {isa = PBXFileReference; lastKnownFileType = sourcecode.swift; path = TablaViewController.swift; sourceTree = "<group>"; };
		80C79D53209C756A00D55E46 /* CellViewController.swift */ = {isa = PBXFileReference; lastKnownFileType = sourcecode.swift; path = CellViewController.swift; sourceTree = "<group>"; };
		80C79D5520A2117800D55E46 /* ViewUI.swift */ = {isa = PBXFileReference; lastKnownFileType = sourcecode.swift; path = ViewUI.swift; sourceTree = "<group>"; };
/* End PBXFileReference section */

/* Begin PBXFrameworksBuildPhase section */
		80C79D2E209B817500D55E46 /* Frameworks */ = {
			isa = PBXFrameworksBuildPhase;
			buildActionMask = 2147483647;
			files = (
			);
			runOnlyForDeploymentPostprocessing = 0;
		};
/* End PBXFrameworksBuildPhase section */

/* Begin PBXGroup section */
		80C79D28209B817500D55E46 = {
			isa = PBXGroup;
			children = (
				80C79D33209B817500D55E46 /* consultaRepos */,
				80C79D32209B817500D55E46 /* Products */,
			);
			sourceTree = "<group>";
		};
		80C79D32209B817500D55E46 /* Products */ = {
			isa = PBXGroup;
			children = (
				80C79D31209B817500D55E46 /* consultaRepos.app */,
			);
			name = Products;
			sourceTree = "<group>";
		};
		80C79D33209B817500D55E46 /* consultaRepos */ = {
			isa = PBXGroup;
			children = (
				80C79D48209B825C00D55E46 /* Controlador */,
				80C79D47209B825600D55E46 /* Modelo */,
				80C79D46209B824F00D55E46 /* Vista */,
				80C79D34209B817500D55E46 /* AppDelegate.swift */,
				80C79D3B209B817700D55E46 /* Assets.xcassets */,
				80C79D3D209B817700D55E46 /* LaunchScreen.storyboard */,
				80C79D40209B817700D55E46 /* Info.plist */,
			);
			path = consultaRepos;
			sourceTree = "<group>";
		};
		80C79D46209B824F00D55E46 /* Vista */ = {
			isa = PBXGroup;
			children = (
				80C79D5520A2117800D55E46 /* ViewUI.swift */,
				80C79D36209B817500D55E46 /* ViewController.swift */,
				80C79D4F209C6CBA00D55E46 /* DetallesViewController.swift */,
				80C79D53209C756A00D55E46 /* CellViewController.swift */,
				80C79D38209B817500D55E46 /* Main.storyboard */,
			);
			path = Vista;
			sourceTree = "<group>";
		};
		80C79D47209B825600D55E46 /* Modelo */ = {
			isa = PBXGroup;
			children = (
				80C79D4B209B82B600D55E46 /* Repo.swift */,
			);
			path = Modelo;
			sourceTree = "<group>";
		};
		80C79D48209B825C00D55E46 /* Controlador */ = {
			isa = PBXGroup;
			children = (
				80C79D49209B82A400D55E46 /* MainController.swift */,
				80C79D51209C754700D55E46 /* TablaViewController.swift */,
			);
			path = Controlador;
			sourceTree = "<group>";
		};
/* End PBXGroup section */

/* Begin PBXNativeTarget section */
		80C79D30209B817500D55E46 /* consultaRepos */ = {
			isa = PBXNativeTarget;
			buildConfigurationList = 80C79D43209B817700D55E46 /* Build configuration list for PBXNativeTarget "consultaRepos" */;
			buildPhases = (
				80C79D2D209B817500D55E46 /* Sources */,
				80C79D2E209B817500D55E46 /* Frameworks */,
				80C79D2F209B817500D55E46 /* Resources */,
			);
			buildRules = (
			);
			dependencies = (
			);
			name = consultaRepos;
			productName = consultaRepos;
			productReference = 80C79D31209B817500D55E46 /* consultaRepos.app */;
			productType = "com.apple.product-type.application";
		};
/* End PBXNativeTarget section */

/* Begin PBXProject section */
		80C79D29209B817500D55E46 /* Project object */ = {
			isa = PBXProject;
			attributes = {
				LastSwiftUpdateCheck = 0930;
				LastUpgradeCheck = 0930;
				ORGANIZATIONNAME = fernando.calle.silos;
				TargetAttributes = {
					80C79D30209B817500D55E46 = {
						CreatedOnToolsVersion = 9.3;
					};
				};
			};
			buildConfigurationList = 80C79D2C209B817500D55E46 /* Build configuration list for PBXProject "consultaRepos" */;
			compatibilityVersion = "Xcode 9.3";
			developmentRegion = en;
			hasScannedForEncodings = 0;
			knownRegions = (
				en,
				Base,
			);
			mainGroup = 80C79D28209B817500D55E46;
			productRefGroup = 80C79D32209B817500D55E46 /* Products */;
			projectDirPath = "";
			projectRoot = "";
			targets = (
				80C79D30209B817500D55E46 /* consultaRepos */,
			);
		};
/* End PBXProject section */

/* Begin PBXResourcesBuildPhase section */
		80C79D2F209B817500D55E46 /* Resources */ = {
			isa = PBXResourcesBuildPhase;
			buildActionMask = 2147483647;
			files = (
				80C79D3F209B817700D55E46 /* LaunchScreen.storyboard in Resources */,
				80C79D3C209B817700D55E46 /* Assets.xcassets in Resources */,
				80C79D3A209B817500D55E46 /* Main.storyboard in Resources */,
			);
			runOnlyForDeploymentPostprocessing = 0;
		};
/* End PBXResourcesBuildPhase section */

/* Begin PBXSourcesBuildPhase section */
		80C79D2D209B817500D55E46 /* Sources */ = {
			isa = PBXSourcesBuildPhase;
			buildActionMask = 2147483647;
			files = (
				80C79D37209B817500D55E46 /* ViewController.swift in Sources */,
				80C79D5620A2117800D55E46 /* ViewUI.swift in Sources */,
				80C79D4A209B82A400D55E46 /* MainController.swift in Sources */,
				80C79D54209C756A00D55E46 /* CellViewController.swift in Sources */,
				80C79D50209C6CBA00D55E46 /* DetallesViewController.swift in Sources */,
				80C79D52209C754700D55E46 /* TablaViewController.swift in Sources */,
				80C79D35209B817500D55E46 /* AppDelegate.swift in Sources */,
				80C79D4C209B82B600D55E46 /* Repo.swift in Sources */,
			);
			runOnlyForDeploymentPostprocessing = 0;
		};
/* End PBXSourcesBuildPhase section */

/* Begin PBXVariantGroup section */
		80C79D38209B817500D55E46 /* Main.storyboard */ = {
			isa = PBXVariantGroup;
			children = (
				80C79D39209B817500D55E46 /* Base */,
			);
			name = Main.storyboard;
			sourceTree = "<group>";
		};
		80C79D3D209B817700D55E46 /* LaunchScreen.storyboard */ = {
			isa = PBXVariantGroup;
			children = (
				80C79D3E209B817700D55E46 /* Base */,
			);
			name = LaunchScreen.storyboard;
			sourceTree = "<group>";
		};
/* End PBXVariantGroup section */

/* Begin XCBuildConfiguration section */
		80C79D41209B817700D55E46 /* Debug */ = {
			isa = XCBuildConfiguration;
			buildSettings = {
				ALWAYS_SEARCH_USER_PATHS = NO;
				CLANG_ANALYZER_NONNULL = YES;
				CLANG_ANALYZER_NUMBER_OBJECT_CONVERSION = YES_AGGRESSIVE;
				CLANG_CXX_LANGUAGE_STANDARD = "gnu++14";
				CLANG_CXX_LIBRARY = "libc++";
				CLANG_ENABLE_MODULES = YES;
				CLANG_ENABLE_OBJC_ARC = YES;
				CLANG_ENABLE_OBJC_WEAK = YES;
				CLANG_WARN_BLOCK_CAPTURE_AUTORELEASING = YES;
				CLANG_WARN_BOOL_CONVERSION = YES;
				CLANG_WARN_COMMA = YES;
				CLANG_WARN_CONSTANT_CONVERSION = YES;
				CLANG_WARN_DEPRECATED_OBJC_IMPLEMENTATIONS = YES;
				CLANG_WARN_DIRECT_OBJC_ISA_USAGE = YES_ERROR;
				CLANG_WARN_DOCUMENTATION_COMMENTS = YES;
				CLANG_WARN_EMPTY_BODY = YES;
				CLANG_WARN_ENUM_CONVERSION = YES;
				CLANG_WARN_INFINITE_RECURSION = YES;
				CLANG_WARN_INT_CONVERSION = YES;
				CLANG_WARN_NON_LITERAL_NULL_CONVERSION = YES;
				CLANG_WARN_OBJC_IMPLICIT_RETAIN_SELF = YES;
				CLANG_WARN_OBJC_LITERAL_CONVERSION = YES;
				CLANG_WARN_OBJC_ROOT_CLASS = YES_ERROR;
				CLANG_WARN_RANGE_LOOP_ANALYSIS = YES;
				CLANG_WARN_STRICT_PROTOTYPES = YES;
				CLANG_WARN_SUSPICIOUS_MOVE = YES;
				CLANG_WARN_UNGUARDED_AVAILABILITY = YES_AGGRESSIVE;
				CLANG_WARN_UNREACHABLE_CODE = YES;
				CLANG_WARN__DUPLICATE_METHOD_MATCH = YES;
				CODE_SIGN_IDENTITY = "iPhone Developer";
				COPY_PHASE_STRIP = NO;
				DEBUG_INFORMATION_FORMAT = dwarf;
				ENABLE_STRICT_OBJC_MSGSEND = YES;
				ENABLE_TESTABILITY = YES;
				GCC_C_LANGUAGE_STANDARD = gnu11;
				GCC_DYNAMIC_NO_PIC = NO;
				GCC_NO_COMMON_BLOCKS = YES;
				GCC_OPTIMIZATION_LEVEL = 0;
				GCC_PREPROCESSOR_DEFINITIONS = (
					"DEBUG=1",
					"$(inherited)",
				);
				GCC_WARN_64_TO_32_BIT_CONVERSION = YES;
				GCC_WARN_ABOUT_RETURN_TYPE = YES_ERROR;
				GCC_WARN_UNDECLARED_SELECTOR = YES;
				GCC_WARN_UNINITIALIZED_AUTOS = YES_AGGRESSIVE;
				GCC_WARN_UNUSED_FUNCTION = YES;
				GCC_WARN_UNUSED_VARIABLE = YES;
				IPHONEOS_DEPLOYMENT_TARGET = 11.3;
				MTL_ENABLE_DEBUG_INFO = YES;
				ONLY_ACTIVE_ARCH = YES;
				SDKROOT = iphoneos;
				SWIFT_ACTIVE_COMPILATION_CONDITIONS = DEBUG;
				SWIFT_OPTIMIZATION_LEVEL = "-Onone";
			};
			name = Debug;
		};
		80C79D42209B817700D55E46 /* Release */ = {
			isa = XCBuildConfiguration;
			buildSettings = {
				ALWAYS_SEARCH_USER_PATHS = NO;
				CLANG_ANALYZER_NONNULL = YES;
				CLANG_ANALYZER_NUMBER_OBJECT_CONVERSION = YES_AGGRESSIVE;
				CLANG_CXX_LANGUAGE_STANDARD = "gnu++14";
				CLANG_CXX_LIBRARY = "libc++";
				CLANG_ENABLE_MODULES = YES;
				CLANG_ENABLE_OBJC_ARC = YES;
				CLANG_ENABLE_OBJC_WEAK = YES;
				CLANG_WARN_BLOCK_CAPTURE_AUTORELEASING = YES;
				CLANG_WARN_BOOL_CONVERSION = YES;
				CLANG_WARN_COMMA = YES;
				CLANG_WARN_CONSTANT_CONVERSION = YES;
				CLANG_WARN_DEPRECATED_OBJC_IMPLEMENTATIONS = YES;
				CLANG_WARN_DIRECT_OBJC_ISA_USAGE = YES_ERROR;
				CLANG_WARN_DOCUMENTATION_COMMENTS = YES;
				CLANG_WARN_EMPTY_BODY = YES;
				CLANG_WARN_ENUM_CONVERSION = YES;
				CLANG_WARN_INFINITE_RECURSION = YES;
				CLANG_WARN_INT_CONVERSION = YES;
				CLANG_WARN_NON_LITERAL_NULL_CONVERSION = YES;
				CLANG_WARN_OBJC_IMPLICIT_RETAIN_SELF = YES;
				CLANG_WARN_OBJC_LITERAL_CONVERSION = YES;
				CLANG_WARN_OBJC_ROOT_CLASS = YES_ERROR;
				CLANG_WARN_RANGE_LOOP_ANALYSIS = YES;
				CLANG_WARN_STRICT_PROTOTYPES = YES;
				CLANG_WARN_SUSPICIOUS_MOVE = YES;
				CLANG_WARN_UNGUARDED_AVAILABILITY = YES_AGGRESSIVE;
				CLANG_WARN_UNREACHABLE_CODE = YES;
				CLANG_WARN__DUPLICATE_METHOD_MATCH = YES;
				CODE_SIGN_IDENTITY = "iPhone Developer";
				COPY_PHASE_STRIP = NO;
				DEBUG_INFORMATION_FORMAT = "dwarf-with-dsym";
				ENABLE_NS_ASSERTIONS = NO;
				ENABLE_STRICT_OBJC_MSGSEND = YES;
				GCC_C_LANGUAGE_STANDARD = gnu11;
				GCC_NO_COMMON_BLOCKS = YES;
				GCC_WARN_64_TO_32_BIT_CONVERSION = YES;
				GCC_WARN_ABOUT_RETURN_TYPE = YES_ERROR;
				GCC_WARN_UNDECLARED_SELECTOR = YES;
				GCC_WARN_UNINITIALIZED_AUTOS = YES_AGGRESSIVE;
				GCC_WARN_UNUSED_FUNCTION = YES;
				GCC_WARN_UNUSED_VARIABLE = YES;
				IPHONEOS_DEPLOYMENT_TARGET = 11.3;
				MTL_ENABLE_DEBUG_INFO = NO;
				SDKROOT = iphoneos;
				SWIFT_COMPILATION_MODE = wholemodule;
				SWIFT_OPTIMIZATION_LEVEL = "-O";
				VALIDATE_PRODUCT = YES;
			};
			name = Release;
		};
		80C79D44209B817700D55E46 /* Debug */ = {
			isa = XCBuildConfiguration;
			buildSettings = {
				ASSETCATALOG_COMPILER_APPICON_NAME = AppIcon;
				CODE_SIGN_STYLE = Automatic;
				DEVELOPMENT_TEAM = 9L854LSJNS;
				INFOPLIST_FILE = consultaRepos/Info.plist;
				LD_RUNPATH_SEARCH_PATHS = (
					"$(inherited)",
					"@executable_path/Frameworks",
				);
				PRODUCT_BUNDLE_IDENTIFIER = com.fernando.consultaRepos;
				PRODUCT_NAME = "$(TARGET_NAME)";
				SWIFT_VERSION = 4.0;
				TARGETED_DEVICE_FAMILY = "1,2";
			};
			name = Debug;
		};
		80C79D45209B817700D55E46 /* Release */ = {
			isa = XCBuildConfiguration;
			buildSettings = {
				ASSETCATALOG_COMPILER_APPICON_NAME = AppIcon;
				CODE_SIGN_STYLE = Automatic;
				DEVELOPMENT_TEAM = 9L854LSJNS;
				INFOPLIST_FILE = consultaRepos/Info.plist;
				LD_RUNPATH_SEARCH_PATHS = (
					"$(inherited)",
					"@executable_path/Frameworks",
				);
				PRODUCT_BUNDLE_IDENTIFIER = com.fernando.consultaRepos;
				PRODUCT_NAME = "$(TARGET_NAME)";
				SWIFT_VERSION = 4.0;
				TARGETED_DEVICE_FAMILY = "1,2";
			};
			name = Release;
		};
/* End XCBuildConfiguration section */

/* Begin XCConfigurationList section */
		80C79D2C209B817500D55E46 /* Build configuration list for PBXProject "consultaRepos" */ = {
			isa = XCConfigurationList;
			buildConfigurations = (
				80C79D41209B817700D55E46 /* Debug */,
				80C79D42209B817700D55E46 /* Release */,
			);
			defaultConfigurationIsVisible = 0;
			defaultConfigurationName = Release;
		};
		80C79D43209B817700D55E46 /* Build configuration list for PBXNativeTarget "consultaRepos" */ = {
			isa = XCConfigurationList;
			buildConfigurations = (
				80C79D44209B817700D55E46 /* Debug */,
				80C79D45209B817700D55E46 /* Release */,
			);
			defaultConfigurationIsVisible = 0;
			defaultConfigurationName = Release;
		};
/* End XCConfigurationList section */
	};
	rootObject = 80C79D29209B817500D55E46 /* Project object */;
}
